Microsoft Visual Studio Solution File, Format Version 12.00
# Visual Studio Version 17
VisualStudioVersion = 17.5.2.0
MinimumVisualStudioVersion = 10.0.40219.1
Project("{FAE04EC0-301F-11D3-BF4B-00C04F79EFBC}") = "Payments", "src\Payments.csproj", "{A23EF840-CA8F-E993-1266-5B49A06AA4F7}"
EndProject
Global
	GlobalSection(SolutionConfigurationPlatforms) = preSolution
		Debug|Any CPU = Debug|Any CPU
		Release|Any CPU = Release|Any CPU
	EndGlobalSection
	GlobalSection(ProjectConfigurationPlatforms) = postSolution
		{A23EF840-CA8F-E993-1266-5B49A06AA4F7}.Debug|Any CPU.ActiveCfg = Debug|Any CPU
		{A23EF840-CA8F-E993-1266-5B49A06AA4F7}.Debug|Any CPU.Build.0 = Debug|Any CPU
		{A23EF840-CA8F-E993-1266-5B49A06AA4F7}.Release|Any CPU.ActiveCfg = Release|Any CPU
		{A23EF840-CA8F-E993-1266-5B49A06AA4F7}.Release|Any CPU.Build.0 = Release|Any CPU
	EndGlobalSection
	GlobalSection(SolutionProperties) = preSolution
		HideSolutionNode = FALSE
	EndGlobalSection
	GlobalSection(ExtensibilityGlobals) = postSolution
		SolutionGuid = {898BF122-0CF9-47FD-A475-37CB1AA03A71}
	EndGlobalSection
EndGlobal
